
Microsoft Visual Studio Solution File, Format Version 12.00
# Visual Studio Version 17
VisualStudioVersion = 17.2.32526.322
MinimumVisualStudioVersion = 10.0.40219.1
Project("{FAE04EC0-301F-11D3-BF4B-00C04F79EFBC}") = "BotConsole", "BotConsole\BotConsole.csproj", "{E5F27010-B435-4E43-A750-C48C29F7B57D}"
EndProject
Global
	GlobalSection(SolutionConfigurationPlatforms) = preSolution
		Debug|Any CPU = Debug|Any CPU
		Release|Any CPU = Release|Any CPU
	EndGlobalSection
	GlobalSection(ProjectConfigurationPlatforms) = postSolution
		{E5F27010-B435-4E43-A750-C48C29F7B57D}.Debug|Any CPU.ActiveCfg = Debug|Any CPU
		{E5F27010-B435-4E43-A750-C48C29F7B57D}.Debug|Any CPU.Build.0 = Debug|Any CPU
		{E5F27010-B435-4E43-A750-C48C29F7B57D}.Release|Any CPU.ActiveCfg = Release|Any CPU
		{E5F27010-B435-4E43-A750-C48C29F7B57D}.Release|Any CPU.Build.0 = Release|Any CPU
	EndGlobalSection
	GlobalSection(SolutionProperties) = preSolution
		HideSolutionNode = FALSE
	EndGlobalSection
	GlobalSection(ExtensibilityGlobals) = postSolution
		SolutionGuid = {4AC480AB-D44C-40A9-8AD3-6982865CFBB7}
	EndGlobalSection
EndGlobal
